
Microsoft Visual Studio Solution File, Format Version 12.00
# Visual Studio Version 17
VisualStudioVersion = 17.5.002.0
MinimumVisualStudioVersion = 10.0.40219.1
Project("{9A19103F-16F7-4668-BE54-9A1E7A4F7556}") = "Assignment2", "Assignment2.csproj", "{296294BA-2C34-47D3-AD03-BA1470BA33F2}"
EndProject
Global
	GlobalSection(SolutionConfigurationPlatforms) = preSolution
		Debug|Any CPU = Debug|Any CPU
		Release|Any CPU = Release|Any CPU
	EndGlobalSection
	GlobalSection(ProjectConfigurationPlatforms) = postSolution
		{296294BA-2C34-47D3-AD03-BA1470BA33F2}.Debug|Any CPU.ActiveCfg = Debug|Any CPU
		{296294BA-2C34-47D3-AD03-BA1470BA33F2}.Debug|Any CPU.Build.0 = Debug|Any CPU
		{296294BA-2C34-47D3-AD03-BA1470BA33F2}.Release|Any CPU.ActiveCfg = Release|Any CPU
		{296294BA-2C34-47D3-AD03-BA1470BA33F2}.Release|Any CPU.Build.0 = Release|Any CPU
	EndGlobalSection
	GlobalSection(SolutionProperties) = preSolution
		HideSolutionNode = FALSE
	EndGlobalSection
	GlobalSection(ExtensibilityGlobals) = postSolution
		SolutionGuid = {7A540190-76EA-4EED-812E-AB246568F360}
	EndGlobalSection
EndGlobal
